{
    "_readme": [
        "This file locks the dependencies of your project to a known state",
        "Read more about it at https://getcomposer.org/doc/01-basic-usage.md#composer-lock-the-lock-file",
        "This file is @generated automatically"
    ],
    "content-hash": "97c7a2e600743c229e2e2e4fa1532307",
    "packages": [
        {
            "name": "alexshadie/fns-integration",
            "version": "v0.0.2",
            "source": {
                "type": "git",
                "url": "https://github.com/alexshadie/fns-integration.git",
                "reference": "92959b3b8b0ff2ce1399881fa432fd6ae07eb6ce"
            },
            "dist": {
                "type": "zip",
                "url": "https://api.github.com/repos/alexshadie/fns-integration/zipball/92959b3b8b0ff2ce1399881fa432fd6ae07eb6ce",
                "reference": "92959b3b8b0ff2ce1399881fa432fd6ae07eb6ce",
                "shasum": ""
            },
            "require": {
                "ext-curl": "*",
                "php": ">=5.4.0",
                "psr/log": "1.0.2"
            },
            "type": "library",
            "autoload": {
                "psr-4": {
                    "alexshadie\\FnsIntegration\\": [
                        "src/",
                        "tests/"
                    ]
                }
            },
            "license": [
                "BSD-3-Clause"
            ],
            "authors": [
                {
                    "name": "Alex Shadie",
                    "email": "alex@astra.ws"
                }
            ],
            "description": "Receipt checker integration for receipts given in Russia",
            "support": {
                "issues": "https://github.com/alexshadie/fns-integration/issues",
                "source": "https://github.com/alexshadie/fns-integration"
            },
            "time": "2018-02-09T21:34:24+00:00"
        },
        {
            "name": "alexshadie/telegram-bot",
            "version": "dev-master",
            "source": {
                "type": "git",
                "url": "https://github.com/alexshadie/telegram-bot.git",
                "reference": "e8fa947c848c527cc4b67498cf054f382445074a"
            },
            "dist": {
                "type": "zip",
                "url": "https://api.github.com/repos/alexshadie/telegram-bot/zipball/e8fa947c848c527cc4b67498cf054f382445074a",
                "reference": "e8fa947c848c527cc4b67498cf054f382445074a",
                "shasum": ""
            },
            "require": {
                "ext-curl": "*",
                "ext-mbstring": "*",
                "ext-pdo": "*",
                "monolog/monolog": "^1.17",
                "php": ">=7.1.0",
                "psr/log": "1.0.2"
            },
            "type": "library",
            "autoload": {
                "psr-4": {
                    "alexshadie\\TelegramBot\\": ""
                }
            },
            "authors": [
                {
                    "name": "Alex Shadie",
                    "email": "alex@astra.ws"
                }
            ],
            "description": "Telegram bot API implementation",
            "support": {
                "source": "https://github.com/alexshadie/telegram-bot/tree/master",
                "issues": "https://github.com/alexshadie/telegram-bot/issues"
            },
            "time": "2018-02-08T19:55:11+00:00"
        },
        {
            "name": "libern/qr-code-reader",
            "version": "v1.0.6",
            "source": {
                "type": "git",
                "url": "https://github.com/libern/qr-code-reader.git",
                "reference": "f5443ef16ca145ceaf21df7d28efee3771989ee5"
            },
            "dist": {
                "type": "zip",
                "url": "https://api.github.com/repos/libern/qr-code-reader/zipball/f5443ef16ca145ceaf21df7d28efee3771989ee5",
                "reference": "f5443ef16ca145ceaf21df7d28efee3771989ee5",
                "shasum": ""
            },
            "require": {
                "php": ">=5.3.0"
            },
            "type": "library",
            "autoload": {
                "psr-4": {
                    "Libern\\QRCodeReader\\": "src/"
                }
            },
            "notification-url": "https://packagist.org/downloads/",
            "license": [
                "MIT"
            ],
            "authors": [
                {
                    "name": "Libern Lin",
                    "email": "libernlin@gmail.com"
                }
            ],
            "description": "Simple PHP QR Code Reader / Decoder",
            "homepage": "https://github.com/libern/qr-code-reader",
            "keywords": [
                "laravel",
                "qr code decoder",
                "qr code reader"
            ],
            "time": "2017-06-02T12:56:55+00:00"
        },
        {
            "name": "monolog/monolog",
            "version": "1.23.0",
            "source": {
                "type": "git",
                "url": "https://github.com/Seldaek/monolog.git",
                "reference": "fd8c787753b3a2ad11bc60c063cff1358a32a3b4"
            },
            "dist": {
                "type": "zip",
                "url": "https://api.github.com/repos/Seldaek/monolog/zipball/fd8c787753b3a2ad11bc60c063cff1358a32a3b4",
                "reference": "fd8c787753b3a2ad11bc60c063cff1358a32a3b4",
                "shasum": ""
            },
            "require": {
                "php": ">=5.3.0",
                "psr/log": "~1.0"
            },
            "provide": {
                "psr/log-implementation": "1.0.0"
            },
            "require-dev": {
                "aws/aws-sdk-php": "^2.4.9 || ^3.0",
                "doctrine/couchdb": "~1.0@dev",
                "graylog2/gelf-php": "~1.0",
                "jakub-onderka/php-parallel-lint": "0.9",
                "php-amqplib/php-amqplib": "~2.4",
                "php-console/php-console": "^3.1.3",
                "phpunit/phpunit": "~4.5",
                "phpunit/phpunit-mock-objects": "2.3.0",
                "ruflin/elastica": ">=0.90 <3.0",
                "sentry/sentry": "^0.13",
                "swiftmailer/swiftmailer": "^5.3|^6.0"
            },
            "suggest": {
                "aws/aws-sdk-php": "Allow sending log messages to AWS services like DynamoDB",
                "doctrine/couchdb": "Allow sending log messages to a CouchDB server",
                "ext-amqp": "Allow sending log messages to an AMQP server (1.0+ required)",
                "ext-mongo": "Allow sending log messages to a MongoDB server",
                "graylog2/gelf-php": "Allow sending log messages to a GrayLog2 server",
                "mongodb/mongodb": "Allow sending log messages to a MongoDB server via PHP Driver",
                "php-amqplib/php-amqplib": "Allow sending log messages to an AMQP server using php-amqplib",
                "php-console/php-console": "Allow sending log messages to Google Chrome",
                "rollbar/rollbar": "Allow sending log messages to Rollbar",
                "ruflin/elastica": "Allow sending log messages to an Elastic Search server",
                "sentry/sentry": "Allow sending log messages to a Sentry server"
            },
            "type": "library",
            "extra": {
                "branch-alias": {
                    "dev-master": "2.0.x-dev"
                }
            },
            "autoload": {
                "psr-4": {
                    "Monolog\\": "src/Monolog"
                }
            },
            "notification-url": "https://packagist.org/downloads/",
            "license": [
                "MIT"
            ],
            "authors": [
                {
                    "name": "Jordi Boggiano",
                    "email": "j.boggiano@seld.be",
                    "homepage": "http://seld.be"
                }
            ],
            "description": "Sends your logs to files, sockets, inboxes, databases and various web services",
            "homepage": "http://github.com/Seldaek/monolog",
            "keywords": [
                "log",
                "logging",
                "psr-3"
            ],
            "time": "2017-06-19T01:22:40+00:00"
        },
        {
            "name": "psr/log",
            "version": "1.0.2",
            "source": {
                "type": "git",
                "url": "https://github.com/php-fig/log.git",
                "reference": "4ebe3a8bf773a19edfe0a84b6585ba3d401b724d"
            },
            "dist": {
                "type": "zip",
                "url": "https://api.github.com/repos/php-fig/log/zipball/4ebe3a8bf773a19edfe0a84b6585ba3d401b724d",
                "reference": "4ebe3a8bf773a19edfe0a84b6585ba3d401b724d",
                "shasum": ""
            },
            "require": {
                "php": ">=5.3.0"
            },
            "type": "library",
            "extra": {
                "branch-alias": {
                    "dev-master": "1.0.x-dev"
                }
            },
            "autoload": {
                "psr-4": {
                    "Psr\\Log\\": "Psr/Log/"
                }
            },
            "notification-url": "https://packagist.org/downloads/",
            "license": [
                "MIT"
            ],
            "authors": [
                {
                    "name": "PHP-FIG",
                    "homepage": "http://www.php-fig.org/"
                }
            ],
            "description": "Common interface for logging libraries",
            "homepage": "https://github.com/php-fig/log",
            "keywords": [
                "log",
                "psr",
                "psr-3"
            ],
            "time": "2016-10-10T12:19:37+00:00"
        }
    ],
    "packages-dev": [],
    "aliases": [],
    "minimum-stability": "stable",
    "stability-flags": {
        "alexshadie/telegram-bot": 20
    },
    "prefer-stable": false,
    "prefer-lowest": false,
    "platform": {
        "php": ">=7.1"
    },
    "platform-dev": []
}
